
Microsoft Visual Studio Solution File, Format Version 12.00
# Visual Studio 2012
Project("{FAE04EC0-301F-11D3-BF4B-00C04F79EFBC}") = "IoTHubNetduino", "IoTHubNetduino.csproj", "{C23D3AB8-D890-4697-A4DC-10B3965FE0AA}"
EndProject
Global
	GlobalSection(SolutionConfigurationPlatforms) = preSolution
		Debug|Any CPU = Debug|Any CPU
		Release|Any CPU = Release|Any CPU
	EndGlobalSection
	GlobalSection(ProjectConfigurationPlatforms) = postSolution
		{C23D3AB8-D890-4697-A4DC-10B3965FE0AA}.Debug|Any CPU.ActiveCfg = Debug|Any CPU
		{C23D3AB8-D890-4697-A4DC-10B3965FE0AA}.Debug|Any CPU.Build.0 = Debug|Any CPU
		{C23D3AB8-D890-4697-A4DC-10B3965FE0AA}.Release|Any CPU.ActiveCfg = Release|Any CPU
		{C23D3AB8-D890-4697-A4DC-10B3965FE0AA}.Release|Any CPU.Build.0 = Release|Any CPU
	EndGlobalSection
EndGlobal
